{
  "name": "advance-node",
  "version": "1.0.0",
  "lockfileVersion": 1,
  "dependencies": {
    "loadash": {
      "version": "0.0.1",
      "resolved": "https://registry.npmjs.org/loadash/-/loadash-0.0.1.tgz",
      "integrity": "sha1-dTe0TfTvKZsls8liEJ0m5FP4E14="
    },
    "lodash": {
      "version": "4.17.4",
      "resolved": "https://registry.npmjs.org/lodash/-/lodash-4.17.4.tgz",
      "integrity": "sha1-eCA6TRwyiuHYbcpkYONptX9AVa4="
    }
  }
}
